
Microsoft Visual Studio Solution File, Format Version 12.00
# Visual Studio Version 17
VisualStudioVersion = 17.13.35919.96
MinimumVisualStudioVersion = 10.0.40219.1
Project("{FAE04EC0-301F-11D3-BF4B-00C04F79EFBC}") = "MyPennyPincher_API", "MyPennyPincher_API\MyPennyPincher_API.csproj", "{34E47359-FA3C-48E6-9709-3C7D8889A600}"
EndProject
Project("{FAE04EC0-301F-11D3-BF4B-00C04F79EFBC}") = "MyPennyPincher_API_Tests", "MyPennyPincher_API_Tests\MyPennyPincher_API_Tests.csproj", "{CAD89C33-979A-4B3E-8137-ACBD64D98E49}"
EndProject
Global
	GlobalSection(SolutionConfigurationPlatforms) = preSolution
		Debug|Any CPU = Debug|Any CPU
		Release|Any CPU = Release|Any CPU
	EndGlobalSection
	GlobalSection(ProjectConfigurationPlatforms) = postSolution
		{34E47359-FA3C-48E6-9709-3C7D8889A600}.Debug|Any CPU.ActiveCfg = Debug|Any CPU
		{34E47359-FA3C-48E6-9709-3C7D8889A600}.Debug|Any CPU.Build.0 = Debug|Any CPU
		{34E47359-FA3C-48E6-9709-3C7D8889A600}.Release|Any CPU.ActiveCfg = Release|Any CPU
		{34E47359-FA3C-48E6-9709-3C7D8889A600}.Release|Any CPU.Build.0 = Release|Any CPU
		{CAD89C33-979A-4B3E-8137-ACBD64D98E49}.Debug|Any CPU.ActiveCfg = Debug|Any CPU
		{CAD89C33-979A-4B3E-8137-ACBD64D98E49}.Debug|Any CPU.Build.0 = Debug|Any CPU
		{CAD89C33-979A-4B3E-8137-ACBD64D98E49}.Release|Any CPU.ActiveCfg = Release|Any CPU
		{CAD89C33-979A-4B3E-8137-ACBD64D98E49}.Release|Any CPU.Build.0 = Release|Any CPU
	EndGlobalSection
	GlobalSection(SolutionProperties) = preSolution
		HideSolutionNode = FALSE
	EndGlobalSection
	GlobalSection(ExtensibilityGlobals) = postSolution
		SolutionGuid = {B8E1D9CD-013E-4AFE-B145-7C9A7461A9CB}
	EndGlobalSection
EndGlobal
